
Microsoft Visual Studio Solution File, Format Version 12.00
# Visual Studio Version 16
VisualStudioVersion = 16.0.29709.97
MinimumVisualStudioVersion = 10.0.40219.1
Project("{FAE04EC0-301F-11D3-BF4B-00C04F79EFBC}") = "TP1", "TP1\TP1.csproj", "{D96404C5-B8AC-4333-A162-ECC7B77A796E}"
EndProject
Global
	GlobalSection(SolutionConfigurationPlatforms) = preSolution
		Debug|Any CPU = Debug|Any CPU
		Release|Any CPU = Release|Any CPU
	EndGlobalSection
	GlobalSection(ProjectConfigurationPlatforms) = postSolution
		{D96404C5-B8AC-4333-A162-ECC7B77A796E}.Debug|Any CPU.ActiveCfg = Debug|Any CPU
		{D96404C5-B8AC-4333-A162-ECC7B77A796E}.Debug|Any CPU.Build.0 = Debug|Any CPU
		{D96404C5-B8AC-4333-A162-ECC7B77A796E}.Release|Any CPU.ActiveCfg = Release|Any CPU
		{D96404C5-B8AC-4333-A162-ECC7B77A796E}.Release|Any CPU.Build.0 = Release|Any CPU
	EndGlobalSection
	GlobalSection(SolutionProperties) = preSolution
		HideSolutionNode = FALSE
	EndGlobalSection
	GlobalSection(ExtensibilityGlobals) = postSolution
		SolutionGuid = {A88DD1A4-D6C8-441A-8471-D5571013A1B2}
	EndGlobalSection
EndGlobal
